
Microsoft Visual Studio Solution File, Format Version 12.00
# Visual Studio 15
VisualStudioVersion = 15.0.28307.106
MinimumVisualStudioVersion = 10.0.40219.1
Project("{F184B08F-C81C-45F6-A57F-5ABD9991F28F}") = "A2048", "A2048\A2048.vbproj", "{FA22CC74-34D2-4B78-8B47-96469F1799DD}"
EndProject
Global
	GlobalSection(SolutionConfigurationPlatforms) = preSolution
		Debug|Any CPU = Debug|Any CPU
		Release|Any CPU = Release|Any CPU
	EndGlobalSection
	GlobalSection(ProjectConfigurationPlatforms) = postSolution
		{FA22CC74-34D2-4B78-8B47-96469F1799DD}.Debug|Any CPU.ActiveCfg = Debug|Any CPU
		{FA22CC74-34D2-4B78-8B47-96469F1799DD}.Debug|Any CPU.Build.0 = Debug|Any CPU
		{FA22CC74-34D2-4B78-8B47-96469F1799DD}.Release|Any CPU.ActiveCfg = Release|Any CPU
		{FA22CC74-34D2-4B78-8B47-96469F1799DD}.Release|Any CPU.Build.0 = Release|Any CPU
	EndGlobalSection
	GlobalSection(SolutionProperties) = preSolution
		HideSolutionNode = FALSE
	EndGlobalSection
	GlobalSection(ExtensibilityGlobals) = postSolution
		SolutionGuid = {DD5F36C5-1CDA-4DD9-9E1D-F55AE92B0E2F}
	EndGlobalSection
EndGlobal
